
Microsoft Visual Studio Solution File, Format Version 12.00
# Visual Studio Version 16
VisualStudioVersion = 16.0.30907.101
MinimumVisualStudioVersion = 10.0.40219.1
Project("{FAE04EC0-301F-11D3-BF4B-00C04F79EFBC}") = "n01458860Assignment2", "n01458860Assignment2.csproj", "{C13B6685-2FC2-4196-A97B-CCE6A7162052}"
EndProject
Global
	GlobalSection(SolutionConfigurationPlatforms) = preSolution
		Debug|Any CPU = Debug|Any CPU
		Release|Any CPU = Release|Any CPU
	EndGlobalSection
	GlobalSection(ProjectConfigurationPlatforms) = postSolution
		{C13B6685-2FC2-4196-A97B-CCE6A7162052}.Debug|Any CPU.ActiveCfg = Debug|Any CPU
		{C13B6685-2FC2-4196-A97B-CCE6A7162052}.Debug|Any CPU.Build.0 = Debug|Any CPU
		{C13B6685-2FC2-4196-A97B-CCE6A7162052}.Release|Any CPU.ActiveCfg = Release|Any CPU
		{C13B6685-2FC2-4196-A97B-CCE6A7162052}.Release|Any CPU.Build.0 = Release|Any CPU
	EndGlobalSection
	GlobalSection(SolutionProperties) = preSolution
		HideSolutionNode = FALSE
	EndGlobalSection
	GlobalSection(ExtensibilityGlobals) = postSolution
		SolutionGuid = {4EA98152-E915-4224-8606-24ADE8AF43AD}
	EndGlobalSection
EndGlobal
